// !$*UTF8*$!
{
	archiveVersion = 1;
	classes = {
	};
	objectVersion = 46;
	objects = {

/* Begin PBXBuildFile section */
		E82063921C1754BF005AA00F /* ViewController.m in Sources */ = {isa = PBXBuildFile; fileRef = E82063911C1754BF005AA00F /* ViewController.m */; };
		E82246571BFA3282005A5FB0 /* TransactionsViewController.m in Sources */ = {isa = PBXBuildFile; fileRef = E82246561BFA3282005A5FB0 /* TransactionsViewController.m */; };
		E822465A1BFA5644005A5FB0 /* PerformTransactionViewController.m in Sources */ = {isa = PBXBuildFile; fileRef = E82246591BFA5644005A5FB0 /* PerformTransactionViewController.m */; };
		E84860931BF7EB5200ED2C8A /* main.m in Sources */ = {isa = PBXBuildFile; fileRef = E84860921BF7EB5200ED2C8A /* main.m */; };
		E84860961BF7EB5200ED2C8A /* AppDelegate.m in Sources */ = {isa = PBXBuildFile; fileRef = E84860951BF7EB5200ED2C8A /* AppDelegate.m */; };
		E848609C1BF7EB5200ED2C8A /* Main.storyboard in Resources */ = {isa = PBXBuildFile; fileRef = E848609A1BF7EB5200ED2C8A /* Main.storyboard */; };
		E848609E1BF7EB5200ED2C8A /* Assets.xcassets in Resources */ = {isa = PBXBuildFile; fileRef = E848609D1BF7EB5200ED2C8A /* Assets.xcassets */; };
		E84860A11BF7EB5200ED2C8A /* LaunchScreen.storyboard in Resources */ = {isa = PBXBuildFile; fileRef = E848609F1BF7EB5200ED2C8A /* LaunchScreen.storyboard */; };
		E84860AC1BF7EB5200ED2C8A /* Stone_DemoTests.m in Sources */ = {isa = PBXBuildFile; fileRef = E84860AB1BF7EB5200ED2C8A /* Stone_DemoTests.m */; };
		E84860B71BF7EB5200ED2C8A /* Stone_DemoUITests.m in Sources */ = {isa = PBXBuildFile; fileRef = E84860B61BF7EB5200ED2C8A /* Stone_DemoUITests.m */; };
		E84860C71BF7EE6E00ED2C8A /* stone.png in Resources */ = {isa = PBXBuildFile; fileRef = E84860C61BF7EE6E00ED2C8A /* stone.png */; };
		E84860C91BF8263D00ED2C8A /* StoneSDK.framework in Frameworks */ = {isa = PBXBuildFile; fileRef = E84860C81BF8263D00ED2C8A /* StoneSDK.framework */; };
		E84860CB1BF8266F00ED2C8A /* ExternalAccessory.framework in Frameworks */ = {isa = PBXBuildFile; fileRef = E84860CA1BF8266F00ED2C8A /* ExternalAccessory.framework */; };
		E84860CD1BF8267800ED2C8A /* SystemConfiguration.framework in Frameworks */ = {isa = PBXBuildFile; fileRef = E84860CC1BF8267800ED2C8A /* SystemConfiguration.framework */; };
		E84860CF1BF8268E00ED2C8A /* libsqlite3.dylib in Frameworks */ = {isa = PBXBuildFile; fileRef = E84860CE1BF8268E00ED2C8A /* libsqlite3.dylib */; };
		E8727C261C03918B00CBD884 /* CancelTransactionsViewController.m in Sources */ = {isa = PBXBuildFile; fileRef = E8727C251C03918B00CBD884 /* CancelTransactionsViewController.m */; };
		E8727C291C0C934D00CBD884 /* EmailViewController.m in Sources */ = {isa = PBXBuildFile; fileRef = E8727C281C0C934D00CBD884 /* EmailViewController.m */; };
/* End PBXBuildFile section */

/* Begin PBXContainerItemProxy section */
		E84860A81BF7EB5200ED2C8A /* PBXContainerItemProxy */ = {
			isa = PBXContainerItemProxy;
			containerPortal = E84860861BF7EB5200ED2C8A /* Project object */;
			proxyType = 1;
			remoteGlobalIDString = E848608D1BF7EB5200ED2C8A;
			remoteInfo = "Stone Demo";
		};
		E84860B31BF7EB5200ED2C8A /* PBXContainerItemProxy */ = {
			isa = PBXContainerItemProxy;
			containerPortal = E84860861BF7EB5200ED2C8A /* Project object */;
			proxyType = 1;
			remoteGlobalIDString = E848608D1BF7EB5200ED2C8A;
			remoteInfo = "Stone Demo";
		};
/* End PBXContainerItemProxy section */

/* Begin PBXFileReference section */
		E82063901C1754BF005AA00F /* ViewController.h */ = {isa = PBXFileReference; fileEncoding = 4; lastKnownFileType = sourcecode.c.h; path = ViewController.h; sourceTree = "<group>"; };
		E82063911C1754BF005AA00F /* ViewController.m */ = {isa = PBXFileReference; fileEncoding = 4; lastKnownFileType = sourcecode.c.objc; path = ViewController.m; sourceTree = "<group>"; };
		E82246551BFA3282005A5FB0 /* TransactionsViewController.h */ = {isa = PBXFileReference; fileEncoding = 4; lastKnownFileType = sourcecode.c.h; path = TransactionsViewController.h; sourceTree = "<group>"; };
		E82246561BFA3282005A5FB0 /* TransactionsViewController.m */ = {isa = PBXFileReference; fileEncoding = 4; lastKnownFileType = sourcecode.c.objc; path = TransactionsViewController.m; sourceTree = "<group>"; };
		E82246581BFA5644005A5FB0 /* PerformTransactionViewController.h */ = {isa = PBXFileReference; fileEncoding = 4; lastKnownFileType = sourcecode.c.h; path = PerformTransactionViewController.h; sourceTree = "<group>"; };
		E82246591BFA5644005A5FB0 /* PerformTransactionViewController.m */ = {isa = PBXFileReference; fileEncoding = 4; lastKnownFileType = sourcecode.c.objc; path = PerformTransactionViewController.m; sourceTree = "<group>"; };
		E848608E1BF7EB5200ED2C8A /* Stone Demo.app */ = {isa = PBXFileReference; explicitFileType = wrapper.application; includeInIndex = 0; path = "Stone Demo.app"; sourceTree = BUILT_PRODUCTS_DIR; };
		E84860921BF7EB5200ED2C8A /* main.m */ = {isa = PBXFileReference; lastKnownFileType = sourcecode.c.objc; path = main.m; sourceTree = "<group>"; };
		E84860941BF7EB5200ED2C8A /* AppDelegate.h */ = {isa = PBXFileReference; lastKnownFileType = sourcecode.c.h; path = AppDelegate.h; sourceTree = "<group>"; };
		E84860951BF7EB5200ED2C8A /* AppDelegate.m */ = {isa = PBXFileReference; lastKnownFileType = sourcecode.c.objc; path = AppDelegate.m; sourceTree = "<group>"; };
		E848609B1BF7EB5200ED2C8A /* Base */ = {isa = PBXFileReference; lastKnownFileType = file.storyboard; name = Base; path = Base.lproj/Main.storyboard; sourceTree = "<group>"; };
		E848609D1BF7EB5200ED2C8A /* Assets.xcassets */ = {isa = PBXFileReference; lastKnownFileType = folder.assetcatalog; path = Assets.xcassets; sourceTree = "<group>"; };
		E84860A01BF7EB5200ED2C8A /* Base */ = {isa = PBXFileReference; lastKnownFileType = file.storyboard; name = Base; path = Base.lproj/LaunchScreen.storyboard; sourceTree = "<group>"; };
		E84860A21BF7EB5200ED2C8A /* Info.plist */ = {isa = PBXFileReference; lastKnownFileType = text.plist.xml; path = Info.plist; sourceTree = "<group>"; };
		E84860A71BF7EB5200ED2C8A /* Stone DemoTests.xctest */ = {isa = PBXFileReference; explicitFileType = wrapper.cfbundle; includeInIndex = 0; path = "Stone DemoTests.xctest"; sourceTree = BUILT_PRODUCTS_DIR; };
		E84860AB1BF7EB5200ED2C8A /* Stone_DemoTests.m */ = {isa = PBXFileReference; lastKnownFileType = sourcecode.c.objc; path = Stone_DemoTests.m; sourceTree = "<group>"; };
		E84860AD1BF7EB5200ED2C8A /* Info.plist */ = {isa = PBXFileReference; lastKnownFileType = text.plist.xml; path = Info.plist; sourceTree = "<group>"; };
		E84860B21BF7EB5200ED2C8A /* Stone DemoUITests.xctest */ = {isa = PBXFileReference; explicitFileType = wrapper.cfbundle; includeInIndex = 0; path = "Stone DemoUITests.xctest"; sourceTree = BUILT_PRODUCTS_DIR; };
		E84860B61BF7EB5200ED2C8A /* Stone_DemoUITests.m */ = {isa = PBXFileReference; lastKnownFileType = sourcecode.c.objc; path = Stone_DemoUITests.m; sourceTree = "<group>"; };
		E84860B81BF7EB5200ED2C8A /* Info.plist */ = {isa = PBXFileReference; lastKnownFileType = text.plist.xml; path = Info.plist; sourceTree = "<group>"; };
		E84860C61BF7EE6E00ED2C8A /* stone.png */ = {isa = PBXFileReference; lastKnownFileType = image.png; path = stone.png; sourceTree = "<group>"; };
		E84860C81BF8263D00ED2C8A /* StoneSDK.framework */ = {isa = PBXFileReference; lastKnownFileType = wrapper.framework; path = StoneSDK.framework; sourceTree = "<group>"; };
		E84860CA1BF8266F00ED2C8A /* ExternalAccessory.framework */ = {isa = PBXFileReference; lastKnownFileType = wrapper.framework; name = ExternalAccessory.framework; path = System/Library/Frameworks/ExternalAccessory.framework; sourceTree = SDKROOT; };
		E84860CC1BF8267800ED2C8A /* SystemConfiguration.framework */ = {isa = PBXFileReference; lastKnownFileType = wrapper.framework; name = SystemConfiguration.framework; path = System/Library/Frameworks/SystemConfiguration.framework; sourceTree = SDKROOT; };
		E84860CE1BF8268E00ED2C8A /* libsqlite3.dylib */ = {isa = PBXFileReference; lastKnownFileType = "compiled.mach-o.dylib"; name = libsqlite3.dylib; path = /usr/lib/libsqlite3.dylib; sourceTree = "<absolute>"; };
		E8727C241C03918B00CBD884 /* CancelTransactionsViewController.h */ = {isa = PBXFileReference; fileEncoding = 4; lastKnownFileType = sourcecode.c.h; path = CancelTransactionsViewController.h; sourceTree = "<group>"; };
		E8727C251C03918B00CBD884 /* CancelTransactionsViewController.m */ = {isa = PBXFileReference; fileEncoding = 4; lastKnownFileType = sourcecode.c.objc; path = CancelTransactionsViewController.m; sourceTree = "<group>"; };
		E8727C271C0C934D00CBD884 /* EmailViewController.h */ = {isa = PBXFileReference; fileEncoding = 4; lastKnownFileType = sourcecode.c.h; path = EmailViewController.h; sourceTree = "<group>"; };
		E8727C281C0C934D00CBD884 /* EmailViewController.m */ = {isa = PBXFileReference; fileEncoding = 4; lastKnownFileType = sourcecode.c.objc; path = EmailViewController.m; sourceTree = "<group>"; };
/* End PBXFileReference section */

/* Begin PBXFrameworksBuildPhase section */
		E848608B1BF7EB5200ED2C8A /* Frameworks */ = {
			isa = PBXFrameworksBuildPhase;
			buildActionMask = 2147483647;
			files = (
				E84860CF1BF8268E00ED2C8A /* libsqlite3.dylib in Frameworks */,
				E84860CD1BF8267800ED2C8A /* SystemConfiguration.framework in Frameworks */,
				E84860CB1BF8266F00ED2C8A /* ExternalAccessory.framework in Frameworks */,
				E84860C91BF8263D00ED2C8A /* StoneSDK.framework in Frameworks */,
			);
			runOnlyForDeploymentPostprocessing = 0;
		};
		E84860A41BF7EB5200ED2C8A /* Frameworks */ = {
			isa = PBXFrameworksBuildPhase;
			buildActionMask = 2147483647;
			files = (
			);
			runOnlyForDeploymentPostprocessing = 0;
		};
		E84860AF1BF7EB5200ED2C8A /* Frameworks */ = {
			isa = PBXFrameworksBuildPhase;
			buildActionMask = 2147483647;
			files = (
			);
			runOnlyForDeploymentPostprocessing = 0;
		};
/* End PBXFrameworksBuildPhase section */

/* Begin PBXGroup section */
		E84860851BF7EB5200ED2C8A = {
			isa = PBXGroup;
			children = (
				E84860D01BF826A400ED2C8A /* Frameworks */,
				E84860901BF7EB5200ED2C8A /* Stone Demo */,
				E84860AA1BF7EB5200ED2C8A /* Stone DemoTests */,
				E84860B51BF7EB5200ED2C8A /* Stone DemoUITests */,
				E848608F1BF7EB5200ED2C8A /* Products */,
			);
			sourceTree = "<group>";
		};
		E848608F1BF7EB5200ED2C8A /* Products */ = {
			isa = PBXGroup;
			children = (
				E848608E1BF7EB5200ED2C8A /* Stone Demo.app */,
				E84860A71BF7EB5200ED2C8A /* Stone DemoTests.xctest */,
				E84860B21BF7EB5200ED2C8A /* Stone DemoUITests.xctest */,
			);
			name = Products;
			sourceTree = "<group>";
		};
		E84860901BF7EB5200ED2C8A /* Stone Demo */ = {
			isa = PBXGroup;
			children = (
				E84860C61BF7EE6E00ED2C8A /* stone.png */,
				E84860941BF7EB5200ED2C8A /* AppDelegate.h */,
				E84860951BF7EB5200ED2C8A /* AppDelegate.m */,
				E82063901C1754BF005AA00F /* ViewController.h */,
				E82063911C1754BF005AA00F /* ViewController.m */,
				E82246581BFA5644005A5FB0 /* PerformTransactionViewController.h */,
				E82246591BFA5644005A5FB0 /* PerformTransactionViewController.m */,
				E82246551BFA3282005A5FB0 /* TransactionsViewController.h */,
				E82246561BFA3282005A5FB0 /* TransactionsViewController.m */,
				E8727C241C03918B00CBD884 /* CancelTransactionsViewController.h */,
				E8727C251C03918B00CBD884 /* CancelTransactionsViewController.m */,
				E8727C271C0C934D00CBD884 /* EmailViewController.h */,
				E8727C281C0C934D00CBD884 /* EmailViewController.m */,
				E848609A1BF7EB5200ED2C8A /* Main.storyboard */,
				E848609D1BF7EB5200ED2C8A /* Assets.xcassets */,
				E848609F1BF7EB5200ED2C8A /* LaunchScreen.storyboard */,
				E84860A21BF7EB5200ED2C8A /* Info.plist */,
				E84860911BF7EB5200ED2C8A /* Supporting Files */,
			);
			path = "Stone Demo";
			sourceTree = "<group>";
		};
		E84860911BF7EB5200ED2C8A /* Supporting Files */ = {
			isa = PBXGroup;
			children = (
				E84860921BF7EB5200ED2C8A /* main.m */,
			);
			name = "Supporting Files";
			sourceTree = "<group>";
		};
		E84860AA1BF7EB5200ED2C8A /* Stone DemoTests */ = {
			isa = PBXGroup;
			children = (
				E84860AB1BF7EB5200ED2C8A /* Stone_DemoTests.m */,
				E84860AD1BF7EB5200ED2C8A /* Info.plist */,
			);
			path = "Stone DemoTests";
			sourceTree = "<group>";
		};
		E84860B51BF7EB5200ED2C8A /* Stone DemoUITests */ = {
			isa = PBXGroup;
			children = (
				E84860B61BF7EB5200ED2C8A /* Stone_DemoUITests.m */,
				E84860B81BF7EB5200ED2C8A /* Info.plist */,
			);
			path = "Stone DemoUITests";
			sourceTree = "<group>";
		};
		E84860D01BF826A400ED2C8A /* Frameworks */ = {
			isa = PBXGroup;
			children = (
				E84860CE1BF8268E00ED2C8A /* libsqlite3.dylib */,
				E84860CC1BF8267800ED2C8A /* SystemConfiguration.framework */,
				E84860CA1BF8266F00ED2C8A /* ExternalAccessory.framework */,
				E84860C81BF8263D00ED2C8A /* StoneSDK.framework */,
			);
			name = Frameworks;
			sourceTree = "<group>";
		};
/* End PBXGroup section */

/* Begin PBXNativeTarget section */
		E848608D1BF7EB5200ED2C8A /* Stone Demo */ = {
			isa = PBXNativeTarget;
			buildConfigurationList = E84860BB1BF7EB5200ED2C8A /* Build configuration list for PBXNativeTarget "Stone Demo" */;
			buildPhases = (
				E848608A1BF7EB5200ED2C8A /* Sources */,
				E848608B1BF7EB5200ED2C8A /* Frameworks */,
				E848608C1BF7EB5200ED2C8A /* Resources */,
			);
			buildRules = (
			);
			dependencies = (
			);
			name = "Stone Demo";
			productName = "Stone Demo";
			productReference = E848608E1BF7EB5200ED2C8A /* Stone Demo.app */;
			productType = "com.apple.product-type.application";
		};
		E84860A61BF7EB5200ED2C8A /* Stone DemoTests */ = {
			isa = PBXNativeTarget;
			buildConfigurationList = E84860BE1BF7EB5200ED2C8A /* Build configuration list for PBXNativeTarget "Stone DemoTests" */;
			buildPhases = (
				E84860A31BF7EB5200ED2C8A /* Sources */,
				E84860A41BF7EB5200ED2C8A /* Frameworks */,
				E84860A51BF7EB5200ED2C8A /* Resources */,
			);
			buildRules = (
			);
			dependencies = (
				E84860A91BF7EB5200ED2C8A /* PBXTargetDependency */,
			);
			name = "Stone DemoTests";
			productName = "Stone DemoTests";
			productReference = E84860A71BF7EB5200ED2C8A /* Stone DemoTests.xctest */;
			productType = "com.apple.product-type.bundle.unit-test";
		};
		E84860B11BF7EB5200ED2C8A /* Stone DemoUITests */ = {
			isa = PBXNativeTarget;
			buildConfigurationList = E84860C11BF7EB5200ED2C8A /* Build configuration list for PBXNativeTarget "Stone DemoUITests" */;
			buildPhases = (
				E84860AE1BF7EB5200ED2C8A /* Sources */,
				E84860AF1BF7EB5200ED2C8A /* Frameworks */,
				E84860B01BF7EB5200ED2C8A /* Resources */,
			);
			buildRules = (
			);
			dependencies = (
				E84860B41BF7EB5200ED2C8A /* PBXTargetDependency */,
			);
			name = "Stone DemoUITests";
			productName = "Stone DemoUITests";
			productReference = E84860B21BF7EB5200ED2C8A /* Stone DemoUITests.xctest */;
			productType = "com.apple.product-type.bundle.ui-testing";
		};
/* End PBXNativeTarget section */

/* Begin PBXProject section */
		E84860861BF7EB5200ED2C8A /* Project object */ = {
			isa = PBXProject;
			attributes = {
				LastUpgradeCheck = 0710;
				ORGANIZATIONNAME = Stone;
				TargetAttributes = {
					E848608D1BF7EB5200ED2C8A = {
						CreatedOnToolsVersion = 7.1;
						DevelopmentTeam = N7P3U577LW;
					};
					E84860A61BF7EB5200ED2C8A = {
						CreatedOnToolsVersion = 7.1;
						TestTargetID = E848608D1BF7EB5200ED2C8A;
					};
					E84860B11BF7EB5200ED2C8A = {
						CreatedOnToolsVersion = 7.1;
						TestTargetID = E848608D1BF7EB5200ED2C8A;
					};
				};
			};
			buildConfigurationList = E84860891BF7EB5200ED2C8A /* Build configuration list for PBXProject "Stone Demo" */;
			compatibilityVersion = "Xcode 3.2";
			developmentRegion = English;
			hasScannedForEncodings = 0;
			knownRegions = (
				en,
				Base,
			);
			mainGroup = E84860851BF7EB5200ED2C8A;
			productRefGroup = E848608F1BF7EB5200ED2C8A /* Products */;
			projectDirPath = "";
			projectRoot = "";
			targets = (
				E848608D1BF7EB5200ED2C8A /* Stone Demo */,
				E84860A61BF7EB5200ED2C8A /* Stone DemoTests */,
				E84860B11BF7EB5200ED2C8A /* Stone DemoUITests */,
			);
		};
/* End PBXProject section */

/* Begin PBXResourcesBuildPhase section */
		E848608C1BF7EB5200ED2C8A /* Resources */ = {
			isa = PBXResourcesBuildPhase;
			buildActionMask = 2147483647;
			files = (
				E84860A11BF7EB5200ED2C8A /* LaunchScreen.storyboard in Resources */,
				E848609E1BF7EB5200ED2C8A /* Assets.xcassets in Resources */,
				E84860C71BF7EE6E00ED2C8A /* stone.png in Resources */,
				E848609C1BF7EB5200ED2C8A /* Main.storyboard in Resources */,
			);
			runOnlyForDeploymentPostprocessing = 0;
		};
		E84860A51BF7EB5200ED2C8A /* Resources */ = {
			isa = PBXResourcesBuildPhase;
			buildActionMask = 2147483647;
			files = (
			);
			runOnlyForDeploymentPostprocessing = 0;
		};
		E84860B01BF7EB5200ED2C8A /* Resources */ = {
			isa = PBXResourcesBuildPhase;
			buildActionMask = 2147483647;
			files = (
			);
			runOnlyForDeploymentPostprocessing = 0;
		};
/* End PBXResourcesBuildPhase section */

/* Begin PBXSourcesBuildPhase section */
		E848608A1BF7EB5200ED2C8A /* Sources */ = {
			isa = PBXSourcesBuildPhase;
			buildActionMask = 2147483647;
			files = (
				E8727C291C0C934D00CBD884 /* EmailViewController.m in Sources */,
				E822465A1BFA5644005A5FB0 /* PerformTransactionViewController.m in Sources */,
				E82063921C1754BF005AA00F /* ViewController.m in Sources */,
				E84860961BF7EB5200ED2C8A /* AppDelegate.m in Sources */,
				E84860931BF7EB5200ED2C8A /* main.m in Sources */,
				E82246571BFA3282005A5FB0 /* TransactionsViewController.m in Sources */,
				E8727C261C03918B00CBD884 /* CancelTransactionsViewController.m in Sources */,
			);
			runOnlyForDeploymentPostprocessing = 0;
		};
		E84860A31BF7EB5200ED2C8A /* Sources */ = {
			isa = PBXSourcesBuildPhase;
			buildActionMask = 2147483647;
			files = (
				E84860AC1BF7EB5200ED2C8A /* Stone_DemoTests.m in Sources */,
			);
			runOnlyForDeploymentPostprocessing = 0;
		};
		E84860AE1BF7EB5200ED2C8A /* Sources */ = {
			isa = PBXSourcesBuildPhase;
			buildActionMask = 2147483647;
			files = (
				E84860B71BF7EB5200ED2C8A /* Stone_DemoUITests.m in Sources */,
			);
			runOnlyForDeploymentPostprocessing = 0;
		};
/* End PBXSourcesBuildPhase section */

/* Begin PBXTargetDependency section */
		E84860A91BF7EB5200ED2C8A /* PBXTargetDependency */ = {
			isa = PBXTargetDependency;
			target = E848608D1BF7EB5200ED2C8A /* Stone Demo */;
			targetProxy = E84860A81BF7EB5200ED2C8A /* PBXContainerItemProxy */;
		};
		E84860B41BF7EB5200ED2C8A /* PBXTargetDependency */ = {
			isa = PBXTargetDependency;
			target = E848608D1BF7EB5200ED2C8A /* Stone Demo */;
			targetProxy = E84860B31BF7EB5200ED2C8A /* PBXContainerItemProxy */;
		};
/* End PBXTargetDependency section */

/* Begin PBXVariantGroup section */
		E848609A1BF7EB5200ED2C8A /* Main.storyboard */ = {
			isa = PBXVariantGroup;
			children = (
				E848609B1BF7EB5200ED2C8A /* Base */,
			);
			name = Main.storyboard;
			sourceTree = "<group>";
		};
		E848609F1BF7EB5200ED2C8A /* LaunchScreen.storyboard */ = {
			isa = PBXVariantGroup;
			children = (
				E84860A01BF7EB5200ED2C8A /* Base */,
			);
			name = LaunchScreen.storyboard;
			sourceTree = "<group>";
		};
/* End PBXVariantGroup section */

/* Begin XCBuildConfiguration section */
		E84860B91BF7EB5200ED2C8A /* Debug */ = {
			isa = XCBuildConfiguration;
			buildSettings = {
				ALWAYS_SEARCH_USER_PATHS = NO;
				CLANG_CXX_LANGUAGE_STANDARD = "gnu++0x";
				CLANG_CXX_LIBRARY = "libc++";
				CLANG_ENABLE_MODULES = YES;
				CLANG_ENABLE_OBJC_ARC = YES;
				CLANG_WARN_BOOL_CONVERSION = YES;
				CLANG_WARN_CONSTANT_CONVERSION = YES;
				CLANG_WARN_DIRECT_OBJC_ISA_USAGE = YES_ERROR;
				CLANG_WARN_EMPTY_BODY = YES;
				CLANG_WARN_ENUM_CONVERSION = YES;
				CLANG_WARN_INT_CONVERSION = YES;
				CLANG_WARN_OBJC_ROOT_CLASS = YES_ERROR;
				CLANG_WARN_UNREACHABLE_CODE = YES;
				CLANG_WARN__DUPLICATE_METHOD_MATCH = YES;
				"CODE_SIGN_IDENTITY[sdk=iphoneos*]" = "iPhone Developer";
				COPY_PHASE_STRIP = NO;
				DEBUG_INFORMATION_FORMAT = dwarf;
				ENABLE_STRICT_OBJC_MSGSEND = YES;
				ENABLE_TESTABILITY = YES;
				GCC_C_LANGUAGE_STANDARD = gnu99;
				GCC_DYNAMIC_NO_PIC = NO;
				GCC_NO_COMMON_BLOCKS = YES;
				GCC_OPTIMIZATION_LEVEL = 0;
				GCC_PREPROCESSOR_DEFINITIONS = (
					"DEBUG=1",
					"$(inherited)",
				);
				GCC_WARN_64_TO_32_BIT_CONVERSION = YES;
				GCC_WARN_ABOUT_RETURN_TYPE = YES_ERROR;
				GCC_WARN_UNDECLARED_SELECTOR = YES;
				GCC_WARN_UNINITIALIZED_AUTOS = YES_AGGRESSIVE;
				GCC_WARN_UNUSED_FUNCTION = YES;
				GCC_WARN_UNUSED_VARIABLE = YES;
				IPHONEOS_DEPLOYMENT_TARGET = 9.1;
				MTL_ENABLE_DEBUG_INFO = YES;
				ONLY_ACTIVE_ARCH = YES;
				SDKROOT = iphoneos;
			};
			name = Debug;
		};
		E84860BA1BF7EB5200ED2C8A /* Release */ = {
			isa = XCBuildConfiguration;
			buildSettings = {
				ALWAYS_SEARCH_USER_PATHS = NO;
				CLANG_CXX_LANGUAGE_STANDARD = "gnu++0x";
				CLANG_CXX_LIBRARY = "libc++";
				CLANG_ENABLE_MODULES = YES;
				CLANG_ENABLE_OBJC_ARC = YES;
				CLANG_WARN_BOOL_CONVERSION = YES;
				CLANG_WARN_CONSTANT_CONVERSION = YES;
				CLANG_WARN_DIRECT_OBJC_ISA_USAGE = YES_ERROR;
				CLANG_WARN_EMPTY_BODY = YES;
				CLANG_WARN_ENUM_CONVERSION = YES;
				CLANG_WARN_INT_CONVERSION = YES;
				CLANG_WARN_OBJC_ROOT_CLASS = YES_ERROR;
				CLANG_WARN_UNREACHABLE_CODE = YES;
				CLANG_WARN__DUPLICATE_METHOD_MATCH = YES;
				"CODE_SIGN_IDENTITY[sdk=iphoneos*]" = "iPhone Developer";
				COPY_PHASE_STRIP = NO;
				DEBUG_INFORMATION_FORMAT = "dwarf-with-dsym";
				ENABLE_NS_ASSERTIONS = NO;
				ENABLE_STRICT_OBJC_MSGSEND = YES;
				GCC_C_LANGUAGE_STANDARD = gnu99;
				GCC_NO_COMMON_BLOCKS = YES;
				GCC_WARN_64_TO_32_BIT_CONVERSION = YES;
				GCC_WARN_ABOUT_RETURN_TYPE = YES_ERROR;
				GCC_WARN_UNDECLARED_SELECTOR = YES;
				GCC_WARN_UNINITIALIZED_AUTOS = YES_AGGRESSIVE;
				GCC_WARN_UNUSED_FUNCTION = YES;
				GCC_WARN_UNUSED_VARIABLE = YES;
				IPHONEOS_DEPLOYMENT_TARGET = 9.1;
				MTL_ENABLE_DEBUG_INFO = NO;
				SDKROOT = iphoneos;
				VALIDATE_PRODUCT = YES;
			};
			name = Release;
		};
		E84860BC1BF7EB5200ED2C8A /* Debug */ = {
			isa = XCBuildConfiguration;
			buildSettings = {
				ASSETCATALOG_COMPILER_APPICON_NAME = AppIcon;
				CODE_SIGN_IDENTITY = "iPhone Developer";
				FRAMEWORK_SEARCH_PATHS = (
					"$(inherited)",
					"$(PROJECT_DIR)",
				);
				INFOPLIST_FILE = "Stone Demo/Info.plist";
				LD_RUNPATH_SEARCH_PATHS = "$(inherited) @executable_path/Frameworks";
				PRODUCT_BUNDLE_IDENTIFIER = "com.Stone.Stone-Demo";
				PRODUCT_NAME = "$(TARGET_NAME)";
			};
			name = Debug;
		};
		E84860BD1BF7EB5200ED2C8A /* Release */ = {
			isa = XCBuildConfiguration;
			buildSettings = {
				ASSETCATALOG_COMPILER_APPICON_NAME = AppIcon;
				CODE_SIGN_IDENTITY = "iPhone Developer";
				FRAMEWORK_SEARCH_PATHS = (
					"$(inherited)",
					"$(PROJECT_DIR)",
				);
				INFOPLIST_FILE = "Stone Demo/Info.plist";
				LD_RUNPATH_SEARCH_PATHS = "$(inherited) @executable_path/Frameworks";
				PRODUCT_BUNDLE_IDENTIFIER = "com.Stone.Stone-Demo";
				PRODUCT_NAME = "$(TARGET_NAME)";
			};
			name = Release;
		};
		E84860BF1BF7EB5200ED2C8A /* Debug */ = {
			isa = XCBuildConfiguration;
			buildSettings = {
				BUNDLE_LOADER = "$(TEST_HOST)";
				INFOPLIST_FILE = "Stone DemoTests/Info.plist";
				LD_RUNPATH_SEARCH_PATHS = "$(inherited) @executable_path/Frameworks @loader_path/Frameworks";
				PRODUCT_BUNDLE_IDENTIFIER = "com.Stone.Stone-DemoTests";
				PRODUCT_NAME = "$(TARGET_NAME)";
				TEST_HOST = "$(BUILT_PRODUCTS_DIR)/Stone Demo.app/Stone Demo";
			};
			name = Debug;
		};
		E84860C01BF7EB5200ED2C8A /* Release */ = {
			isa = XCBuildConfiguration;
			buildSettings = {
				BUNDLE_LOADER = "$(TEST_HOST)";
				INFOPLIST_FILE = "Stone DemoTests/Info.plist";
				LD_RUNPATH_SEARCH_PATHS = "$(inherited) @executable_path/Frameworks @loader_path/Frameworks";
				PRODUCT_BUNDLE_IDENTIFIER = "com.Stone.Stone-DemoTests";
				PRODUCT_NAME = "$(TARGET_NAME)";
				TEST_HOST = "$(BUILT_PRODUCTS_DIR)/Stone Demo.app/Stone Demo";
			};
			name = Release;
		};
		E84860C21BF7EB5200ED2C8A /* Debug */ = {
			isa = XCBuildConfiguration;
			buildSettings = {
				INFOPLIST_FILE = "Stone DemoUITests/Info.plist";
				LD_RUNPATH_SEARCH_PATHS = "$(inherited) @executable_path/Frameworks @loader_path/Frameworks";
				PRODUCT_BUNDLE_IDENTIFIER = "com.Stone.Stone-DemoUITests";
				PRODUCT_NAME = "$(TARGET_NAME)";
				TEST_TARGET_NAME = "Stone Demo";
				USES_XCTRUNNER = YES;
			};
			name = Debug;
		};
		E84860C31BF7EB5200ED2C8A /* Release */ = {
			isa = XCBuildConfiguration;
			buildSettings = {
				INFOPLIST_FILE = "Stone DemoUITests/Info.plist";
				LD_RUNPATH_SEARCH_PATHS = "$(inherited) @executable_path/Frameworks @loader_path/Frameworks";
				PRODUCT_BUNDLE_IDENTIFIER = "com.Stone.Stone-DemoUITests";
				PRODUCT_NAME = "$(TARGET_NAME)";
				TEST_TARGET_NAME = "Stone Demo";
				USES_XCTRUNNER = YES;
			};
			name = Release;
		};
/* End XCBuildConfiguration section */

/* Begin XCConfigurationList section */
		E84860891BF7EB5200ED2C8A /* Build configuration list for PBXProject "Stone Demo" */ = {
			isa = XCConfigurationList;
			buildConfigurations = (
				E84860B91BF7EB5200ED2C8A /* Debug */,
				E84860BA1BF7EB5200ED2C8A /* Release */,
			);
			defaultConfigurationIsVisible = 0;
			defaultConfigurationName = Release;
		};
		E84860BB1BF7EB5200ED2C8A /* Build configuration list for PBXNativeTarget "Stone Demo" */ = {
			isa = XCConfigurationList;
			buildConfigurations = (
				E84860BC1BF7EB5200ED2C8A /* Debug */,
				E84860BD1BF7EB5200ED2C8A /* Release */,
			);
			defaultConfigurationIsVisible = 0;
			defaultConfigurationName = Release;
		};
		E84860BE1BF7EB5200ED2C8A /* Build configuration list for PBXNativeTarget "Stone DemoTests" */ = {
			isa = XCConfigurationList;
			buildConfigurations = (
				E84860BF1BF7EB5200ED2C8A /* Debug */,
				E84860C01BF7EB5200ED2C8A /* Release */,
			);
			defaultConfigurationIsVisible = 0;
			defaultConfigurationName = Release;
		};
		E84860C11BF7EB5200ED2C8A /* Build configuration list for PBXNativeTarget "Stone DemoUITests" */ = {
			isa = XCConfigurationList;
			buildConfigurations = (
				E84860C21BF7EB5200ED2C8A /* Debug */,
				E84860C31BF7EB5200ED2C8A /* Release */,
			);
			defaultConfigurationIsVisible = 0;
			defaultConfigurationName = Release;
		};
/* End XCConfigurationList section */
	};
	rootObject = E84860861BF7EB5200ED2C8A /* Project object */;
}
